
Microsoft Visual Studio Solution File, Format Version 12.00
# Visual Studio 2013
VisualStudioVersion = 12.0.31101.0
MinimumVisualStudioVersion = 10.0.40219.1
Project("{FAE04EC0-301F-11D3-BF4B-00C04F79EFBC}") = "CompareSimpleMath", "CodeOptimization\CompareSimpleMath.csproj", "{16371EA3-F271-4FB3-957D-FEF463DE278B}"
EndProject
Global
	GlobalSection(SolutionConfigurationPlatforms) = preSolution
		Debug|Any CPU = Debug|Any CPU
		Release|Any CPU = Release|Any CPU
	EndGlobalSection
	GlobalSection(ProjectConfigurationPlatforms) = postSolution
		{16371EA3-F271-4FB3-957D-FEF463DE278B}.Debug|Any CPU.ActiveCfg = Debug|Any CPU
		{16371EA3-F271-4FB3-957D-FEF463DE278B}.Debug|Any CPU.Build.0 = Debug|Any CPU
		{16371EA3-F271-4FB3-957D-FEF463DE278B}.Release|Any CPU.ActiveCfg = Release|Any CPU
		{16371EA3-F271-4FB3-957D-FEF463DE278B}.Release|Any CPU.Build.0 = Release|Any CPU
	EndGlobalSection
	GlobalSection(SolutionProperties) = preSolution
		HideSolutionNode = FALSE
	EndGlobalSection
EndGlobal
