
Microsoft Visual Studio Solution File, Format Version 12.00
# Visual Studio 14
VisualStudioVersion = 14.0.25420.1
MinimumVisualStudioVersion = 10.0.40219.1
Project("{2150E333-8FDC-42A3-9474-1A3956D46DE8}") = "Solution Items", "Solution Items", "{447F83F3-5EF4-41B7-9A0D-3AF65F75424E}"
	ProjectSection(SolutionItems) = preProject
		TaskOne.cs = TaskOne.cs
		TaskTwo.cs = TaskTwo.cs
	EndProjectSection
EndProject
Global
	GlobalSection(SolutionProperties) = preSolution
		HideSolutionNode = FALSE
	EndGlobalSection
EndGlobal
