
Microsoft Visual Studio Solution File, Format Version 12.00
# Visual Studio 14
VisualStudioVersion = 14.0.25420.1
MinimumVisualStudioVersion = 10.0.40219.1
Project("{FAE04EC0-301F-11D3-BF4B-00C04F79EFBC}") = "TaskOne", "CSAdvancedExam\TaskOne.csproj", "{A992311F-9B3E-4BFE-8FA5-8D4B3460FFA4}"
EndProject
Project("{FAE04EC0-301F-11D3-BF4B-00C04F79EFBC}") = "TaskTwo", "TaskTwo\TaskTwo.csproj", "{97541782-6479-46AA-A7E5-6ECDAB791302}"
EndProject
Global
	GlobalSection(SolutionConfigurationPlatforms) = preSolution
		Debug|Any CPU = Debug|Any CPU
		Release|Any CPU = Release|Any CPU
	EndGlobalSection
	GlobalSection(ProjectConfigurationPlatforms) = postSolution
		{A992311F-9B3E-4BFE-8FA5-8D4B3460FFA4}.Debug|Any CPU.ActiveCfg = Debug|Any CPU
		{A992311F-9B3E-4BFE-8FA5-8D4B3460FFA4}.Debug|Any CPU.Build.0 = Debug|Any CPU
		{A992311F-9B3E-4BFE-8FA5-8D4B3460FFA4}.Release|Any CPU.ActiveCfg = Release|Any CPU
		{A992311F-9B3E-4BFE-8FA5-8D4B3460FFA4}.Release|Any CPU.Build.0 = Release|Any CPU
		{97541782-6479-46AA-A7E5-6ECDAB791302}.Debug|Any CPU.ActiveCfg = Debug|Any CPU
		{97541782-6479-46AA-A7E5-6ECDAB791302}.Debug|Any CPU.Build.0 = Debug|Any CPU
		{97541782-6479-46AA-A7E5-6ECDAB791302}.Release|Any CPU.ActiveCfg = Release|Any CPU
		{97541782-6479-46AA-A7E5-6ECDAB791302}.Release|Any CPU.Build.0 = Release|Any CPU
	EndGlobalSection
	GlobalSection(SolutionProperties) = preSolution
		HideSolutionNode = FALSE
	EndGlobalSection
EndGlobal
